schema: '2.0'
stages:
  data_ingestion:
    cmd: python src/data/data_ingestion.py
    deps:
    - path: src/data/data_ingestion.py
      hash: md5
      md5: 07ecaa9fdedaa2599862b980fe71658b
      size: 2165
    params:
      params.yaml:
        data_ingestion.test_size: 0.4
    outs:
    - path: data/raw
      hash: md5
      md5: 2c62d39554873553caa56b522a5571ac.dir
      size: 827066
      nfiles: 2
  data_preprocessing:
    cmd: python src/data/data_preprocessing.py
    deps:
    - path: data/raw/
      hash: md5
      md5: 2c62d39554873553caa56b522a5571ac.dir
      size: 827066
      nfiles: 2
    - path: src/data/data_preprocessing.py
      hash: md5
      md5: dd893e9d13215136cd7f3b1fc3de1f62
      size: 3081
    outs:
    - path: data/interim
      hash: md5
      md5: e1c0d6a6064d5e729efd7590bc257075.dir
      size: 565488
      nfiles: 2
  feature_engineering:
    cmd: python src/features/feature_engineering.py
    deps:
    - path: data/interim/
      hash: md5
      md5: e1c0d6a6064d5e729efd7590bc257075.dir
      size: 565488
      nfiles: 2
    - path: src/features/feature_engineering.py
      hash: md5
      md5: 181e89ba23131a3ee669c22fcd1e9257
      size: 2886
    params:
      params.yaml:
        feature_engineering.max_features: 5010
    outs:
    - path: data/processed
      hash: md5
      md5: f425b1a7bde5b44e040c308169d73976.dir
      size: 103829258
      nfiles: 2
  model_building:
    cmd: python src/model/model_building.py
    deps:
    - path: data/processed/
      hash: md5
      md5: f425b1a7bde5b44e040c308169d73976.dir
      size: 103829258
      nfiles: 2
    - path: src/model/model_building.py
      hash: md5
      md5: 40502d416ad1852809ff59a2bc23b2db
      size: 1710
    params:
      params.yaml:
        model_building.c: 0.1
        model_building.max_iter: 150
    outs:
    - path: models/model.pkl
      hash: md5
      md5: 5aca5afc3bab4d0234f148bfd9615416
      size: 86495
  model_evaluation:
    cmd: python src/model/model_evaluation.py
    deps:
    - path: models/model.pkl
      hash: md5
      md5: 5aca5afc3bab4d0234f148bfd9615416
      size: 86495
    - path: src/model/model_evaluation.py
      hash: md5
      md5: 3518062b10e502a61444c62e1e60f626
      size: 3784
    outs:
    - path: reports/metrics.json
      hash: md5
      md5: 75c8435a9686850a5caccbab73547568
      size: 145
  model_registry:
    cmd: python src/model/model_registry.py
    deps:
    - path: reports/
      hash: md5
      md5: 46beaff366043d73289981b32fb5096c.dir
      size: 224
      nfiles: 5
    - path: src/model/model_registry.py
      hash: md5
      md5: fbd8edd7c8654e4fb82a616b98a355de
      size: 1364
